
Microsoft Visual Studio Solution File, Format Version 12.00
# Visual Studio Version 16
VisualStudioVersion = 16.0.30804.86
MinimumVisualStudioVersion = 10.0.40219.1
Project("{9A19103F-16F7-4668-BE54-9A1E7A4F7556}") = "N1QLQueryHarness", "N1QLQueryHarness\N1QLQueryHarness.csproj", "{706550A8-51F7-4561-A955-BFAE5D519E05}"
EndProject
Global
	GlobalSection(SolutionConfigurationPlatforms) = preSolution
		Debug|Any CPU = Debug|Any CPU
		Release|Any CPU = Release|Any CPU
	EndGlobalSection
	GlobalSection(ProjectConfigurationPlatforms) = postSolution
		{706550A8-51F7-4561-A955-BFAE5D519E05}.Debug|Any CPU.ActiveCfg = Debug|Any CPU
		{706550A8-51F7-4561-A955-BFAE5D519E05}.Debug|Any CPU.Build.0 = Debug|Any CPU
		{706550A8-51F7-4561-A955-BFAE5D519E05}.Release|Any CPU.ActiveCfg = Release|Any CPU
		{706550A8-51F7-4561-A955-BFAE5D519E05}.Release|Any CPU.Build.0 = Release|Any CPU
	EndGlobalSection
	GlobalSection(SolutionProperties) = preSolution
		HideSolutionNode = FALSE
	EndGlobalSection
	GlobalSection(ExtensibilityGlobals) = postSolution
		SolutionGuid = {E165F3DA-6C43-4D94-9247-05DA68F4ABEF}
	EndGlobalSection
EndGlobal
